
Microsoft Visual Studio Solution File, Format Version 12.00
# Visual Studio Version 16
VisualStudioVersion = 16.0.29920.165
MinimumVisualStudioVersion = 10.0.40219.1
Project("{FAE04EC0-301F-11D3-BF4B-00C04F79EFBC}") = "Cajero_Proyecto.Final", "Cajero_Proyecto.Final\Cajero_Proyecto.Final.csproj", "{F3777B21-79C6-46B8-82F0-BC7988608720}"
EndProject
Global
	GlobalSection(SolutionConfigurationPlatforms) = preSolution
		Debug|Any CPU = Debug|Any CPU
		Release|Any CPU = Release|Any CPU
	EndGlobalSection
	GlobalSection(ProjectConfigurationPlatforms) = postSolution
		{F3777B21-79C6-46B8-82F0-BC7988608720}.Debug|Any CPU.ActiveCfg = Debug|Any CPU
		{F3777B21-79C6-46B8-82F0-BC7988608720}.Debug|Any CPU.Build.0 = Debug|Any CPU
		{F3777B21-79C6-46B8-82F0-BC7988608720}.Release|Any CPU.ActiveCfg = Release|Any CPU
		{F3777B21-79C6-46B8-82F0-BC7988608720}.Release|Any CPU.Build.0 = Release|Any CPU
	EndGlobalSection
	GlobalSection(SolutionProperties) = preSolution
		HideSolutionNode = FALSE
	EndGlobalSection
	GlobalSection(ExtensibilityGlobals) = postSolution
		SolutionGuid = {01A7CEA3-52D6-406D-9036-0D1BDC426C2A}
	EndGlobalSection
EndGlobal
